
Microsoft Visual Studio Solution File, Format Version 12.00
# Visual Studio Version 17
VisualStudioVersion = 17.0.31903.59
MinimumVisualStudioVersion = 10.0.40219.1
Project("{2150E333-8FDC-42A3-9474-1A3956D46DE8}") = "src", "src", "{827E0CD3-B72D-47B6-A68D-7590B98EB39B}"
EndProject
Project("{FAE04EC0-301F-11D3-BF4B-00C04F79EFBC}") = "Xcord.Api", "src\Xcord.Api\Xcord.Api.csproj", "{E6A40E0F-C859-44A0-83AE-78A88D955147}"
EndProject
Project("{FAE04EC0-301F-11D3-BF4B-00C04F79EFBC}") = "Xcord.Features", "src\Xcord.Features\Xcord.Features.csproj", "{E6FD6C53-9B85-4B9F-A430-046F76CA10EC}"
EndProject
Project("{FAE04EC0-301F-11D3-BF4B-00C04F79EFBC}") = "Xcord.Infrastructure", "src\Xcord.Infrastructure\Xcord.Infrastructure.csproj", "{350C548E-7120-410F-8079-E077FEE48F32}"
EndProject
Project("{FAE04EC0-301F-11D3-BF4B-00C04F79EFBC}") = "Xcord.Shared", "src\Xcord.Shared\Xcord.Shared.csproj", "{E092D86C-7B13-48FB-B0D9-4204475FDD61}"
EndProject
Project("{2150E333-8FDC-42A3-9474-1A3956D46DE8}") = "tests", "tests", "{0AB3BF05-4346-4AA6-1389-037BE0695223}"
EndProject
Project("{FAE04EC0-301F-11D3-BF4B-00C04F79EFBC}") = "Xcord.Tests.Unit", "tests\Xcord.Tests.Unit\Xcord.Tests.Unit.csproj", "{FE748F81-B6FC-4925-AC43-4FB3745C077E}"
EndProject
Project("{FAE04EC0-301F-11D3-BF4B-00C04F79EFBC}") = "Xcord.Tests.Architecture", "tests\Xcord.Tests.Architecture\Xcord.Tests.Architecture.csproj", "{4F9597D2-3A5A-4835-8FD7-74A4F4FC8B0D}"
EndProject
Project("{FAE04EC0-301F-11D3-BF4B-00C04F79EFBC}") = "Xcord.Tests.Integration", "tests\Xcord.Tests.Integration\Xcord.Tests.Integration.csproj", "{F28519F5-150F-4375-806F-E0F045706853}"
EndProject
Project("{FAE04EC0-301F-11D3-BF4B-00C04F79EFBC}") = "Xcord.Common", "..\..\xcord-common\src\Xcord.Common\Xcord.Common.csproj", "{8C0C828B-1A15-4E3E-9121-30E5FD3178F1}"
EndProject
Project("{FAE04EC0-301F-11D3-BF4B-00C04F79EFBC}") = "Xcord.Captcha", "..\..\xcord-common\src\Xcord.Captcha\Xcord.Captcha.csproj", "{DA48AA51-02A6-4577-8867-A4BE03313275}"
EndProject
Project("{FAE04EC0-301F-11D3-BF4B-00C04F79EFBC}") = "Xcord.Captcha.Tests", "..\..\xcord-common\src\Xcord.Captcha.Tests\Xcord.Captcha.Tests.csproj", "{A6DC43A5-AF96-4D9A-848E-7A0ABAB110F8}"
EndProject
Global
	GlobalSection(SolutionConfigurationPlatforms) = preSolution
		Debug|Any CPU = Debug|Any CPU
		Debug|x64 = Debug|x64
		Debug|x86 = Debug|x86
		Release|Any CPU = Release|Any CPU
		Release|x64 = Release|x64
		Release|x86 = Release|x86
	EndGlobalSection
	GlobalSection(ProjectConfigurationPlatforms) = postSolution
		{E6A40E0F-C859-44A0-83AE-78A88D955147}.Debug|Any CPU.ActiveCfg = Debug|Any CPU
		{E6A40E0F-C859-44A0-83AE-78A88D955147}.Debug|Any CPU.Build.0 = Debug|Any CPU
		{E6A40E0F-C859-44A0-83AE-78A88D955147}.Debug|x64.ActiveCfg = Debug|Any CPU
		{E6A40E0F-C859-44A0-83AE-78A88D955147}.Debug|x64.Build.0 = Debug|Any CPU
		{E6A40E0F-C859-44A0-83AE-78A88D955147}.Debug|x86.ActiveCfg = Debug|Any CPU
		{E6A40E0F-C859-44A0-83AE-78A88D955147}.Debug|x86.Build.0 = Debug|Any CPU
		{E6A40E0F-C859-44A0-83AE-78A88D955147}.Release|Any CPU.ActiveCfg = Release|Any CPU
		{E6A40E0F-C859-44A0-83AE-78A88D955147}.Release|Any CPU.Build.0 = Release|Any CPU
		{E6A40E0F-C859-44A0-83AE-78A88D955147}.Release|x64.ActiveCfg = Release|Any CPU
		{E6A40E0F-C859-44A0-83AE-78A88D955147}.Release|x64.Build.0 = Release|Any CPU
		{E6A40E0F-C859-44A0-83AE-78A88D955147}.Release|x86.ActiveCfg = Release|Any CPU
		{E6A40E0F-C859-44A0-83AE-78A88D955147}.Release|x86.Build.0 = Release|Any CPU
		{E6FD6C53-9B85-4B9F-A430-046F76CA10EC}.Debug|Any CPU.ActiveCfg = Debug|Any CPU
		{E6FD6C53-9B85-4B9F-A430-046F76CA10EC}.Debug|Any CPU.Build.0 = Debug|Any CPU
		{E6FD6C53-9B85-4B9F-A430-046F76CA10EC}.Debug|x64.ActiveCfg = Debug|Any CPU
		{E6FD6C53-9B85-4B9F-A430-046F76CA10EC}.Debug|x64.Build.0 = Debug|Any CPU
		{E6FD6C53-9B85-4B9F-A430-046F76CA10EC}.Debug|x86.ActiveCfg = Debug|Any CPU
		{E6FD6C53-9B85-4B9F-A430-046F76CA10EC}.Debug|x86.Build.0 = Debug|Any CPU
		{E6FD6C53-9B85-4B9F-A430-046F76CA10EC}.Release|Any CPU.ActiveCfg = Release|Any CPU
		{E6FD6C53-9B85-4B9F-A430-046F76CA10EC}.Release|Any CPU.Build.0 = Release|Any CPU
		{E6FD6C53-9B85-4B9F-A430-046F76CA10EC}.Release|x64.ActiveCfg = Release|Any CPU
		{E6FD6C53-9B85-4B9F-A430-046F76CA10EC}.Release|x64.Build.0 = Release|Any CPU
		{E6FD6C53-9B85-4B9F-A430-046F76CA10EC}.Release|x86.ActiveCfg = Release|Any CPU
		{E6FD6C53-9B85-4B9F-A430-046F76CA10EC}.Release|x86.Build.0 = Release|Any CPU
		{350C548E-7120-410F-8079-E077FEE48F32}.Debug|Any CPU.ActiveCfg = Debug|Any CPU
		{350C548E-7120-410F-8079-E077FEE48F32}.Debug|Any CPU.Build.0 = Debug|Any CPU
		{350C548E-7120-410F-8079-E077FEE48F32}.Debug|x64.ActiveCfg = Debug|Any CPU
		{350C548E-7120-410F-8079-E077FEE48F32}.Debug|x64.Build.0 = Debug|Any CPU
		{350C548E-7120-410F-8079-E077FEE48F32}.Debug|x86.ActiveCfg = Debug|Any CPU
		{350C548E-7120-410F-8079-E077FEE48F32}.Debug|x86.Build.0 = Debug|Any CPU
		{350C548E-7120-410F-8079-E077FEE48F32}.Release|Any CPU.ActiveCfg = Release|Any CPU
		{350C548E-7120-410F-8079-E077FEE48F32}.Release|Any CPU.Build.0 = Release|Any CPU
		{350C548E-7120-410F-8079-E077FEE48F32}.Release|x64.ActiveCfg = Release|Any CPU
		{350C548E-7120-410F-8079-E077FEE48F32}.Release|x64.Build.0 = Release|Any CPU
		{350C548E-7120-410F-8079-E077FEE48F32}.Release|x86.ActiveCfg = Release|Any CPU
		{350C548E-7120-410F-8079-E077FEE48F32}.Release|x86.Build.0 = Release|Any CPU
		{E092D86C-7B13-48FB-B0D9-4204475FDD61}.Debug|Any CPU.ActiveCfg = Debug|Any CPU
		{E092D86C-7B13-48FB-B0D9-4204475FDD61}.Debug|Any CPU.Build.0 = Debug|Any CPU
		{E092D86C-7B13-48FB-B0D9-4204475FDD61}.Debug|x64.ActiveCfg = Debug|Any CPU
		{E092D86C-7B13-48FB-B0D9-4204475FDD61}.Debug|x64.Build.0 = Debug|Any CPU
		{E092D86C-7B13-48FB-B0D9-4204475FDD61}.Debug|x86.ActiveCfg = Debug|Any CPU
		{E092D86C-7B13-48FB-B0D9-4204475FDD61}.Debug|x86.Build.0 = Debug|Any CPU
		{E092D86C-7B13-48FB-B0D9-4204475FDD61}.Release|Any CPU.ActiveCfg = Release|Any CPU
		{E092D86C-7B13-48FB-B0D9-4204475FDD61}.Release|Any CPU.Build.0 = Release|Any CPU
		{E092D86C-7B13-48FB-B0D9-4204475FDD61}.Release|x64.ActiveCfg = Release|Any CPU
		{E092D86C-7B13-48FB-B0D9-4204475FDD61}.Release|x64.Build.0 = Release|Any CPU
		{E092D86C-7B13-48FB-B0D9-4204475FDD61}.Release|x86.ActiveCfg = Release|Any CPU
		{E092D86C-7B13-48FB-B0D9-4204475FDD61}.Release|x86.Build.0 = Release|Any CPU
		{FE748F81-B6FC-4925-AC43-4FB3745C077E}.Debug|Any CPU.ActiveCfg = Debug|Any CPU
		{FE748F81-B6FC-4925-AC43-4FB3745C077E}.Debug|Any CPU.Build.0 = Debug|Any CPU
		{FE748F81-B6FC-4925-AC43-4FB3745C077E}.Debug|x64.ActiveCfg = Debug|Any CPU
		{FE748F81-B6FC-4925-AC43-4FB3745C077E}.Debug|x64.Build.0 = Debug|Any CPU
		{FE748F81-B6FC-4925-AC43-4FB3745C077E}.Debug|x86.ActiveCfg = Debug|Any CPU
		{FE748F81-B6FC-4925-AC43-4FB3745C077E}.Debug|x86.Build.0 = Debug|Any CPU
		{FE748F81-B6FC-4925-AC43-4FB3745C077E}.Release|Any CPU.ActiveCfg = Release|Any CPU
		{FE748F81-B6FC-4925-AC43-4FB3745C077E}.Release|Any CPU.Build.0 = Release|Any CPU
		{FE748F81-B6FC-4925-AC43-4FB3745C077E}.Release|x64.ActiveCfg = Release|Any CPU
		{FE748F81-B6FC-4925-AC43-4FB3745C077E}.Release|x64.Build.0 = Release|Any CPU
		{FE748F81-B6FC-4925-AC43-4FB3745C077E}.Release|x86.ActiveCfg = Release|Any CPU
		{FE748F81-B6FC-4925-AC43-4FB3745C077E}.Release|x86.Build.0 = Release|Any CPU
		{4F9597D2-3A5A-4835-8FD7-74A4F4FC8B0D}.Debug|Any CPU.ActiveCfg = Debug|Any CPU
		{4F9597D2-3A5A-4835-8FD7-74A4F4FC8B0D}.Debug|Any CPU.Build.0 = Debug|Any CPU
		{4F9597D2-3A5A-4835-8FD7-74A4F4FC8B0D}.Debug|x64.ActiveCfg = Debug|Any CPU
		{4F9597D2-3A5A-4835-8FD7-74A4F4FC8B0D}.Debug|x64.Build.0 = Debug|Any CPU
		{4F9597D2-3A5A-4835-8FD7-74A4F4FC8B0D}.Debug|x86.ActiveCfg = Debug|Any CPU
		{4F9597D2-3A5A-4835-8FD7-74A4F4FC8B0D}.Debug|x86.Build.0 = Debug|Any CPU
		{4F9597D2-3A5A-4835-8FD7-74A4F4FC8B0D}.Release|Any CPU.ActiveCfg = Release|Any CPU
		{4F9597D2-3A5A-4835-8FD7-74A4F4FC8B0D}.Release|Any CPU.Build.0 = Release|Any CPU
		{4F9597D2-3A5A-4835-8FD7-74A4F4FC8B0D}.Release|x64.ActiveCfg = Release|Any CPU
		{4F9597D2-3A5A-4835-8FD7-74A4F4FC8B0D}.Release|x64.Build.0 = Release|Any CPU
		{4F9597D2-3A5A-4835-8FD7-74A4F4FC8B0D}.Release|x86.ActiveCfg = Release|Any CPU
		{4F9597D2-3A5A-4835-8FD7-74A4F4FC8B0D}.Release|x86.Build.0 = Release|Any CPU
		{F28519F5-150F-4375-806F-E0F045706853}.Debug|Any CPU.ActiveCfg = Debug|Any CPU
		{F28519F5-150F-4375-806F-E0F045706853}.Debug|Any CPU.Build.0 = Debug|Any CPU
		{F28519F5-150F-4375-806F-E0F045706853}.Debug|x64.ActiveCfg = Debug|Any CPU
		{F28519F5-150F-4375-806F-E0F045706853}.Debug|x64.Build.0 = Debug|Any CPU
		{F28519F5-150F-4375-806F-E0F045706853}.Debug|x86.ActiveCfg = Debug|Any CPU
		{F28519F5-150F-4375-806F-E0F045706853}.Debug|x86.Build.0 = Debug|Any CPU
		{F28519F5-150F-4375-806F-E0F045706853}.Release|Any CPU.ActiveCfg = Release|Any CPU
		{F28519F5-150F-4375-806F-E0F045706853}.Release|Any CPU.Build.0 = Release|Any CPU
		{F28519F5-150F-4375-806F-E0F045706853}.Release|x64.ActiveCfg = Release|Any CPU
		{F28519F5-150F-4375-806F-E0F045706853}.Release|x64.Build.0 = Release|Any CPU
		{F28519F5-150F-4375-806F-E0F045706853}.Release|x86.ActiveCfg = Release|Any CPU
		{F28519F5-150F-4375-806F-E0F045706853}.Release|x86.Build.0 = Release|Any CPU
		{8C0C828B-1A15-4E3E-9121-30E5FD3178F1}.Debug|Any CPU.ActiveCfg = Debug|Any CPU
		{8C0C828B-1A15-4E3E-9121-30E5FD3178F1}.Debug|Any CPU.Build.0 = Debug|Any CPU
		{8C0C828B-1A15-4E3E-9121-30E5FD3178F1}.Debug|x64.ActiveCfg = Debug|Any CPU
		{8C0C828B-1A15-4E3E-9121-30E5FD3178F1}.Debug|x64.Build.0 = Debug|Any CPU
		{8C0C828B-1A15-4E3E-9121-30E5FD3178F1}.Debug|x86.ActiveCfg = Debug|Any CPU
		{8C0C828B-1A15-4E3E-9121-30E5FD3178F1}.Debug|x86.Build.0 = Debug|Any CPU
		{8C0C828B-1A15-4E3E-9121-30E5FD3178F1}.Release|Any CPU.ActiveCfg = Release|Any CPU
		{8C0C828B-1A15-4E3E-9121-30E5FD3178F1}.Release|Any CPU.Build.0 = Release|Any CPU
		{8C0C828B-1A15-4E3E-9121-30E5FD3178F1}.Release|x64.ActiveCfg = Release|Any CPU
		{8C0C828B-1A15-4E3E-9121-30E5FD3178F1}.Release|x64.Build.0 = Release|Any CPU
		{8C0C828B-1A15-4E3E-9121-30E5FD3178F1}.Release|x86.ActiveCfg = Release|Any CPU
		{8C0C828B-1A15-4E3E-9121-30E5FD3178F1}.Release|x86.Build.0 = Release|Any CPU
		{DA48AA51-02A6-4577-8867-A4BE03313275}.Debug|Any CPU.ActiveCfg = Debug|Any CPU
		{DA48AA51-02A6-4577-8867-A4BE03313275}.Debug|Any CPU.Build.0 = Debug|Any CPU
		{DA48AA51-02A6-4577-8867-A4BE03313275}.Debug|x64.ActiveCfg = Debug|Any CPU
		{DA48AA51-02A6-4577-8867-A4BE03313275}.Debug|x64.Build.0 = Debug|Any CPU
		{DA48AA51-02A6-4577-8867-A4BE03313275}.Debug|x86.ActiveCfg = Debug|Any CPU
		{DA48AA51-02A6-4577-8867-A4BE03313275}.Debug|x86.Build.0 = Debug|Any CPU
		{DA48AA51-02A6-4577-8867-A4BE03313275}.Release|Any CPU.ActiveCfg = Release|Any CPU
		{DA48AA51-02A6-4577-8867-A4BE03313275}.Release|Any CPU.Build.0 = Release|Any CPU
		{DA48AA51-02A6-4577-8867-A4BE03313275}.Release|x64.ActiveCfg = Release|Any CPU
		{DA48AA51-02A6-4577-8867-A4BE03313275}.Release|x64.Build.0 = Release|Any CPU
		{DA48AA51-02A6-4577-8867-A4BE03313275}.Release|x86.ActiveCfg = Release|Any CPU
		{DA48AA51-02A6-4577-8867-A4BE03313275}.Release|x86.Build.0 = Release|Any CPU
		{A6DC43A5-AF96-4D9A-848E-7A0ABAB110F8}.Debug|Any CPU.ActiveCfg = Debug|Any CPU
		{A6DC43A5-AF96-4D9A-848E-7A0ABAB110F8}.Debug|Any CPU.Build.0 = Debug|Any CPU
		{A6DC43A5-AF96-4D9A-848E-7A0ABAB110F8}.Debug|x64.ActiveCfg = Debug|Any CPU
		{A6DC43A5-AF96-4D9A-848E-7A0ABAB110F8}.Debug|x64.Build.0 = Debug|Any CPU
		{A6DC43A5-AF96-4D9A-848E-7A0ABAB110F8}.Debug|x86.ActiveCfg = Debug|Any CPU
		{A6DC43A5-AF96-4D9A-848E-7A0ABAB110F8}.Debug|x86.Build.0 = Debug|Any CPU
		{A6DC43A5-AF96-4D9A-848E-7A0ABAB110F8}.Release|Any CPU.ActiveCfg = Release|Any CPU
		{A6DC43A5-AF96-4D9A-848E-7A0ABAB110F8}.Release|Any CPU.Build.0 = Release|Any CPU
		{A6DC43A5-AF96-4D9A-848E-7A0ABAB110F8}.Release|x64.ActiveCfg = Release|Any CPU
		{A6DC43A5-AF96-4D9A-848E-7A0ABAB110F8}.Release|x64.Build.0 = Release|Any CPU
		{A6DC43A5-AF96-4D9A-848E-7A0ABAB110F8}.Release|x86.ActiveCfg = Release|Any CPU
		{A6DC43A5-AF96-4D9A-848E-7A0ABAB110F8}.Release|x86.Build.0 = Release|Any CPU
	EndGlobalSection
	GlobalSection(SolutionProperties) = preSolution
		HideSolutionNode = FALSE
	EndGlobalSection
	GlobalSection(NestedProjects) = preSolution
		{E6A40E0F-C859-44A0-83AE-78A88D955147} = {827E0CD3-B72D-47B6-A68D-7590B98EB39B}
		{E6FD6C53-9B85-4B9F-A430-046F76CA10EC} = {827E0CD3-B72D-47B6-A68D-7590B98EB39B}
		{350C548E-7120-410F-8079-E077FEE48F32} = {827E0CD3-B72D-47B6-A68D-7590B98EB39B}
		{E092D86C-7B13-48FB-B0D9-4204475FDD61} = {827E0CD3-B72D-47B6-A68D-7590B98EB39B}
		{FE748F81-B6FC-4925-AC43-4FB3745C077E} = {0AB3BF05-4346-4AA6-1389-037BE0695223}
		{4F9597D2-3A5A-4835-8FD7-74A4F4FC8B0D} = {0AB3BF05-4346-4AA6-1389-037BE0695223}
		{F28519F5-150F-4375-806F-E0F045706853} = {0AB3BF05-4346-4AA6-1389-037BE0695223}
		{8C0C828B-1A15-4E3E-9121-30E5FD3178F1} = {827E0CD3-B72D-47B6-A68D-7590B98EB39B}
	EndGlobalSection
EndGlobal
